
Microsoft Visual Studio Solution File, Format Version 12.00
# Visual Studio Version 17
VisualStudioVersion = 17.0.31903.59
MinimumVisualStudioVersion = 10.0.40219.1
Project("{2150E333-8FDC-42A3-9474-1A3956D46DE8}") = "src", "src", "{F934CADD-877E-492D-BC48-C4269E20D063}"
EndProject
Project("{2150E333-8FDC-42A3-9474-1A3956D46DE8}") = "ServicesPixel", "ServicesPixel", "{6E84627B-2246-45EF-9300-32C968079197}"
EndProject
Project("{FAE04EC0-301F-11D3-BF4B-00C04F79EFBC}") = "PixelServices", "PixelService\PixelServices.csproj", "{1013E851-F62D-48D2-BFE0-0F13E3074CC8}"
EndProject
Project("{2150E333-8FDC-42A3-9474-1A3956D46DE8}") = "StorageServices", "StorageServices", "{733C564F-0D5C-48F1-9F15-6C6784890D05}"
EndProject
Project("{FAE04EC0-301F-11D3-BF4B-00C04F79EFBC}") = "StorageService", "StorageService\StorageService.csproj", "{BAC2B2BF-6E93-4098-9023-7B84BAA6AF9A}"
EndProject
Project("{2150E333-8FDC-42A3-9474-1A3956D46DE8}") = "Testes", "Testes", "{0DB7C335-4170-4A7E-A86D-8F71C5661782}"
EndProject
Project("{FAE04EC0-301F-11D3-BF4B-00C04F79EFBC}") = "TestStorageServices", "TestStorageService\TestStorageServices.csproj", "{18A0332C-EC83-499A-9B67-63BEFBDC9BB3}"
EndProject
Project("{FAE04EC0-301F-11D3-BF4B-00C04F79EFBC}") = "TestPixelServices", "TestPixelService\TestPixelServices.csproj", "{5E4018FE-D063-4869-801D-12D8E19E34B2}"
EndProject
Global
	GlobalSection(SolutionConfigurationPlatforms) = preSolution
		Debug|Any CPU = Debug|Any CPU
		Release|Any CPU = Release|Any CPU
	EndGlobalSection
	GlobalSection(ProjectConfigurationPlatforms) = postSolution
		{1013E851-F62D-48D2-BFE0-0F13E3074CC8}.Debug|Any CPU.ActiveCfg = Debug|Any CPU
		{1013E851-F62D-48D2-BFE0-0F13E3074CC8}.Debug|Any CPU.Build.0 = Debug|Any CPU
		{1013E851-F62D-48D2-BFE0-0F13E3074CC8}.Release|Any CPU.ActiveCfg = Release|Any CPU
		{1013E851-F62D-48D2-BFE0-0F13E3074CC8}.Release|Any CPU.Build.0 = Release|Any CPU
		{BAC2B2BF-6E93-4098-9023-7B84BAA6AF9A}.Debug|Any CPU.ActiveCfg = Debug|Any CPU
		{BAC2B2BF-6E93-4098-9023-7B84BAA6AF9A}.Debug|Any CPU.Build.0 = Debug|Any CPU
		{BAC2B2BF-6E93-4098-9023-7B84BAA6AF9A}.Release|Any CPU.ActiveCfg = Release|Any CPU
		{BAC2B2BF-6E93-4098-9023-7B84BAA6AF9A}.Release|Any CPU.Build.0 = Release|Any CPU
		{18A0332C-EC83-499A-9B67-63BEFBDC9BB3}.Debug|Any CPU.ActiveCfg = Debug|Any CPU
		{18A0332C-EC83-499A-9B67-63BEFBDC9BB3}.Debug|Any CPU.Build.0 = Debug|Any CPU
		{18A0332C-EC83-499A-9B67-63BEFBDC9BB3}.Release|Any CPU.ActiveCfg = Release|Any CPU
		{18A0332C-EC83-499A-9B67-63BEFBDC9BB3}.Release|Any CPU.Build.0 = Release|Any CPU
		{5E4018FE-D063-4869-801D-12D8E19E34B2}.Debug|Any CPU.ActiveCfg = Debug|Any CPU
		{5E4018FE-D063-4869-801D-12D8E19E34B2}.Debug|Any CPU.Build.0 = Debug|Any CPU
		{5E4018FE-D063-4869-801D-12D8E19E34B2}.Release|Any CPU.ActiveCfg = Release|Any CPU
		{5E4018FE-D063-4869-801D-12D8E19E34B2}.Release|Any CPU.Build.0 = Release|Any CPU
	EndGlobalSection
	GlobalSection(SolutionProperties) = preSolution
		HideSolutionNode = FALSE
	EndGlobalSection
	GlobalSection(NestedProjects) = preSolution
		{6E84627B-2246-45EF-9300-32C968079197} = {F934CADD-877E-492D-BC48-C4269E20D063}
		{1013E851-F62D-48D2-BFE0-0F13E3074CC8} = {6E84627B-2246-45EF-9300-32C968079197}
		{733C564F-0D5C-48F1-9F15-6C6784890D05} = {F934CADD-877E-492D-BC48-C4269E20D063}
		{BAC2B2BF-6E93-4098-9023-7B84BAA6AF9A} = {733C564F-0D5C-48F1-9F15-6C6784890D05}
		{0DB7C335-4170-4A7E-A86D-8F71C5661782} = {F934CADD-877E-492D-BC48-C4269E20D063}
		{18A0332C-EC83-499A-9B67-63BEFBDC9BB3} = {0DB7C335-4170-4A7E-A86D-8F71C5661782}
		{5E4018FE-D063-4869-801D-12D8E19E34B2} = {0DB7C335-4170-4A7E-A86D-8F71C5661782}
	EndGlobalSection
	GlobalSection(ExtensibilityGlobals) = postSolution
		SolutionGuid = {CC5577C3-9198-4C4E-A967-A0C5741FE2F0}
	EndGlobalSection
EndGlobal
